lockVersion: 2.0.0
id: 39cda013-6415-4e23-90fb-a0f940b757a0
management:
  docChecksum: 199bf9a484af4b272b0a84d4a19db3f9
  docVersion: 1.0.0
  speakeasyVersion: 1.220.0
  generationVersion: 2.286.7
  releaseVersion: 0.0.1
  configChecksum: 20a34fe3bd6ce6bbbccd76e3a80079d6
features:
  typescript:
    acceptHeaders: 2.81.1
    constsAndDefaults: 0.1.5
    core: 3.6.3
    flattening: 2.81.1
    globalSecurity: 2.82.8
    globalServerURLs: 2.82.4
    inputOutputModels: 2.82.0
    responseFormat: 0.2.2
    unions: 2.85.3
    webhooks: 1.0.0
generatedFiles:
  - src/sdk/stations.ts
  - src/sdk/trips.ts
  - src/sdk/bookings.ts
  - src/sdk/payments.ts
  - src/sdk/sdk.ts
  - .eslintrc.js
  - .npmignore
  - RUNTIMES.md
  - package.json
  - src/index.ts
  - src/lib/base64.ts
  - src/lib/config.ts
  - src/lib/encodings.ts
  - src/lib/http.ts
  - src/lib/retries.ts
  - src/lib/schemas.ts
  - src/lib/sdks.ts
  - src/lib/security.ts
  - src/lib/url.ts
  - src/sdk/index.ts
  - src/models/errors/sdkerror.ts
  - src/models/errors/sdkvalidationerror.ts
  - src/types/blobs.ts
  - src/types/index.ts
  - src/types/operations.ts
  - src/types/rfcdate.ts
  - tsconfig.json
  - src/models/operations/getstations.ts
  - src/models/operations/gettrips.ts
  - src/models/operations/getbookings.ts
  - src/models/operations/createbookingjson.ts
  - src/models/operations/createbookingraw.ts
  - src/models/operations/getbooking.ts
  - src/models/operations/deletebooking.ts
  - src/models/operations/createbookingpayment.ts
  - src/models/components/station.ts
  - src/models/components/httpmetadata.ts
  - src/models/components/trip.ts
  - src/models/components/booking.ts
  - src/models/components/linksself.ts
  - src/models/components/bookinginput.ts
  - src/models/components/linksbooking.ts
  - src/models/components/bookingpayment.ts
  - src/models/components/security.ts
  - src/models/webhooks/newbooking.ts
  - src/models/errors/index.ts
  - src/models/operations/index.ts
  - src/models/components/index.ts
  - src/models/webhooks/index.ts
  - docs/models/operations/getstationslinks.md
  - docs/models/operations/getstationsstationsresponsebody.md
  - docs/models/operations/links.md
  - docs/models/operations/getstationsresponsebody.md
  - docs/models/operations/getstationsresponse.md
  - docs/models/operations/gettripsrequest.md
  - docs/models/operations/gettripstripslinks.md
  - docs/models/operations/gettripstripsresponsebody.md
  - docs/models/operations/gettripslinks.md
  - docs/models/operations/gettripsresponsebody.md
  - docs/models/operations/gettripsresponse.md
  - docs/models/operations/getbookingsbookingslinks.md
  - docs/models/operations/getbookingsbookingsresponsebody.md
  - docs/models/operations/getbookingslinks.md
  - docs/models/operations/getbookingsresponsebody.md
  - docs/models/operations/getbookingsresponse.md
  - docs/models/operations/createbookingjsonbookingsresponsebody.md
  - docs/models/operations/createbookingjsonresponsebody.md
  - docs/models/operations/createbookingjsonresponse.md
  - docs/models/operations/createbookingrawbookingsresponsebody.md
  - docs/models/operations/createbookingrawresponsebody.md
  - docs/models/operations/createbookingrawresponse.md
  - docs/models/operations/getbookingrequest.md
  - docs/models/operations/getbookingbookingsresponsebody.md
  - docs/models/operations/getbookingresponsebody.md
  - docs/models/operations/getbookingresponse.md
  - docs/models/operations/deletebookingrequest.md
  - docs/models/operations/deletebookingresponse.md
  - docs/models/operations/createbookingpaymentrequest.md
  - docs/models/operations/currency.md
  - docs/models/operations/accounttype.md
  - docs/models/operations/bankaccount.md
  - docs/models/operations/card.md
  - docs/models/operations/source.md
  - docs/models/operations/status.md
  - docs/models/operations/createbookingpaymentresponsebody.md
  - docs/models/operations/createbookingpaymentresponse.md
  - docs/models/components/station.md
  - docs/models/components/httpmetadata.md
  - docs/models/components/trip.md
  - docs/models/components/booking.md
  - docs/models/components/linksself.md
  - docs/models/components/bookinginput.md
  - docs/models/components/linksbooking.md
  - docs/models/components/currency.md
  - docs/models/components/accounttype.md
  - docs/models/components/bankaccount.md
  - docs/models/components/card.md
  - docs/models/components/source.md
  - docs/models/components/bookingpayment.md
  - docs/models/components/security.md
  - docs/models/webhooks/newbookingresponse.md
  - docs/models/webhooks/links.md
  - docs/models/webhooks/newbookingrequestbody.md
  - docs/sdks/traintravel/README.md
  - docs/sdks/stations/README.md
  - docs/sdks/trips/README.md
  - docs/sdks/bookings/README.md
  - docs/sdks/payments/README.md
  - USAGE.md
  - .gitattributes
  - src/hooks/hooks.ts
  - src/hooks/types.ts
  - src/hooks/index.ts
