lockVersion: 2.0.0
id: 01464b9f-e829-4cbe-b9a1-22610e58b851
management:
  docChecksum: 199bf9a484af4b272b0a84d4a19db3f9
  docVersion: 1.0.0
  speakeasyVersion: 1.220.0
  generationVersion: 2.286.7
  releaseVersion: 0.0.1
  configChecksum: be108bc52aed5c11a6e1b8393849f54b
features:
  go:
    constsAndDefaults: 0.1.4
    core: 3.4.4
    flattening: 2.81.1
    globalSecurity: 2.82.9
    globalServerURLs: 2.82.2
    inputOutputModels: 2.83.0
    responseFormat: 0.1.0
    unions: 2.85.4
    webhooks: 1.0.0
generatedFiles:
  - stations.go
  - trips.go
  - bookings.go
  - payments.go
  - traintravel.go
  - go.mod
  - models/sdkerrors/sdkerror.go
  - types/bigint.go
  - types/date.go
  - types/datetime.go
  - types/decimal.go
  - types/pointers.go
  - internal/utils/contenttype.go
  - internal/utils/form.go
  - internal/utils/headers.go
  - internal/utils/json.go
  - internal/utils/pathparams.go
  - internal/utils/queryparams.go
  - internal/utils/requestbody.go
  - internal/utils/retries.go
  - internal/utils/security.go
  - internal/utils/utils.go
  - /models/operations/getstations.go
  - /models/operations/gettrips.go
  - /models/operations/getbookings.go
  - /models/operations/createbookingjson.go
  - /models/operations/createbookingraw.go
  - /models/operations/getbooking.go
  - /models/operations/deletebooking.go
  - /models/operations/createbookingpayment.go
  - /models/components/station.go
  - /models/components/httpmetadata.go
  - /models/components/trip.go
  - /models/components/booking.go
  - /models/components/linksself.go
  - /models/components/bookinginput.go
  - /models/components/linksbooking.go
  - /models/components/bookingpayment.go
  - /models/components/security.go
  - /models/webhooks/newbooking.go
  - docs/models/operations/getstationslinks.md
  - docs/models/operations/getstationsstationsresponsebody.md
  - docs/models/operations/links.md
  - docs/models/operations/getstationsresponsebody.md
  - docs/models/operations/getstationsresponse.md
  - docs/models/operations/gettripsrequest.md
  - docs/models/operations/gettripstripslinks.md
  - docs/models/operations/gettripstripsresponsebody.md
  - docs/models/operations/gettripslinks.md
  - docs/models/operations/gettripsresponsebody.md
  - docs/models/operations/gettripsresponse.md
  - docs/models/operations/getbookingsbookingslinks.md
  - docs/models/operations/getbookingsbookingsresponsebody.md
  - docs/models/operations/getbookingslinks.md
  - docs/models/operations/getbookingsresponsebody.md
  - docs/models/operations/getbookingsresponse.md
  - docs/models/operations/createbookingjsonbookingsresponsebody.md
  - docs/models/operations/createbookingjsonresponsebody.md
  - docs/models/operations/createbookingjsonresponse.md
  - docs/models/operations/createbookingrawbookingsresponsebody.md
  - docs/models/operations/createbookingrawresponsebody.md
  - docs/models/operations/createbookingrawresponse.md
  - docs/models/operations/getbookingrequest.md
  - docs/models/operations/getbookingbookingsresponsebody.md
  - docs/models/operations/getbookingresponsebody.md
  - docs/models/operations/getbookingresponse.md
  - docs/models/operations/deletebookingrequest.md
  - docs/models/operations/deletebookingresponse.md
  - docs/models/operations/createbookingpaymentrequest.md
  - docs/models/operations/currency.md
  - docs/models/operations/accounttype.md
  - docs/models/operations/bankaccount.md
  - docs/models/operations/card.md
  - docs/models/operations/source.md
  - docs/models/operations/status.md
  - docs/models/operations/createbookingpaymentresponsebody.md
  - docs/models/operations/createbookingpaymentresponse.md
  - docs/models/components/station.md
  - docs/models/components/httpmetadata.md
  - docs/models/components/trip.md
  - docs/models/components/booking.md
  - docs/models/components/linksself.md
  - docs/models/components/bookinginput.md
  - docs/models/components/linksbooking.md
  - docs/models/components/currency.md
  - docs/models/components/accounttype.md
  - docs/models/components/bankaccount.md
  - docs/models/components/card.md
  - docs/models/components/source.md
  - docs/models/components/bookingpayment.md
  - docs/models/components/security.md
  - docs/models/webhooks/newbookingresponse.md
  - docs/models/webhooks/links.md
  - docs/models/webhooks/newbookingrequestbody.md
  - docs/sdks/traintravel/README.md
  - docs/sdks/stations/README.md
  - docs/sdks/trips/README.md
  - docs/sdks/bookings/README.md
  - docs/sdks/payments/README.md
  - USAGE.md
  - models/operations/options.go
  - .gitattributes
  - internal/hooks/hooks.go
