lockVersion: 2.0.0
id: 4a7d9010-38d7-435c-8a90-e8f894b5cd9d
management:
  docChecksum: 199bf9a484af4b272b0a84d4a19db3f9
  docVersion: 1.0.0
  speakeasyVersion: 1.220.0
  generationVersion: 2.286.7
  releaseVersion: 0.0.1
  configChecksum: 088f8c218239ea1013657ba92566bdcb
features:
  python:
    constsAndDefaults: 0.1.3
    core: 4.5.1
    flattening: 2.81.1
    globalSecurity: 2.83.5
    globalServerURLs: 2.82.2
    inputOutputModels: 2.83.1
    responseFormat: 0.1.0
    unions: 2.82.6
    webhooks: 1.0.0
generatedFiles:
  - src/traintravel/sdkconfiguration.py
  - src/traintravel/stations.py
  - src/traintravel/trips.py
  - src/traintravel/bookings.py
  - src/traintravel/payments.py
  - src/traintravel/sdk.py
  - py.typed
  - pylintrc
  - setup.py
  - src/traintravel/__init__.py
  - src/traintravel/utils/__init__.py
  - src/traintravel/utils/retries.py
  - src/traintravel/utils/utils.py
  - src/traintravel/models/errors/sdkerror.py
  - tests/helpers.py
  - src/traintravel/models/operations/get_stations.py
  - src/traintravel/models/operations/get_trips.py
  - src/traintravel/models/operations/get_bookings.py
  - src/traintravel/models/operations/create_booking_json.py
  - src/traintravel/models/operations/create_booking_raw.py
  - src/traintravel/models/operations/get_booking.py
  - src/traintravel/models/operations/delete_booking.py
  - src/traintravel/models/operations/create_booking_payment.py
  - src/traintravel/models/components/station.py
  - src/traintravel/models/components/httpmetadata.py
  - src/traintravel/models/components/trip.py
  - src/traintravel/models/components/booking.py
  - src/traintravel/models/components/links_self.py
  - src/traintravel/models/components/booking_input.py
  - src/traintravel/models/components/links_booking.py
  - src/traintravel/models/components/bookingpayment.py
  - src/traintravel/models/components/security.py
  - src/traintravel/models/webhooks/new_booking.py
  - src/traintravel/models/__init__.py
  - src/traintravel/models/errors/__init__.py
  - src/traintravel/models/operations/__init__.py
  - src/traintravel/models/components/__init__.py
  - src/traintravel/models/webhooks/__init__.py
  - docs/models/operations/getstationslinks.md
  - docs/models/operations/getstationsstationsresponsebody.md
  - docs/models/operations/links.md
  - docs/models/operations/getstationsresponsebody.md
  - docs/models/operations/getstationsresponse.md
  - docs/models/operations/gettripsrequest.md
  - docs/models/operations/gettripstripslinks.md
  - docs/models/operations/gettripstripsresponsebody.md
  - docs/models/operations/gettripslinks.md
  - docs/models/operations/gettripsresponsebody.md
  - docs/models/operations/gettripsresponse.md
  - docs/models/operations/getbookingsbookingslinks.md
  - docs/models/operations/getbookingsbookingsresponsebody.md
  - docs/models/operations/getbookingslinks.md
  - docs/models/operations/getbookingsresponsebody.md
  - docs/models/operations/getbookingsresponse.md
  - docs/models/operations/createbookingjsonbookingsresponsebody.md
  - docs/models/operations/createbookingjsonresponsebody.md
  - docs/models/operations/createbookingjsonresponse.md
  - docs/models/operations/createbookingrawbookingsresponsebody.md
  - docs/models/operations/createbookingrawresponsebody.md
  - docs/models/operations/createbookingrawresponse.md
  - docs/models/operations/getbookingrequest.md
  - docs/models/operations/getbookingbookingsresponsebody.md
  - docs/models/operations/getbookingresponsebody.md
  - docs/models/operations/getbookingresponse.md
  - docs/models/operations/deletebookingrequest.md
  - docs/models/operations/deletebookingresponse.md
  - docs/models/operations/createbookingpaymentrequest.md
  - docs/models/operations/currency.md
  - docs/models/operations/accounttype.md
  - docs/models/operations/bankaccount.md
  - docs/models/operations/card.md
  - docs/models/operations/source.md
  - docs/models/operations/status.md
  - docs/models/operations/createbookingpaymentresponsebody.md
  - docs/models/operations/createbookingpaymentresponse.md
  - docs/models/components/station.md
  - docs/models/components/httpmetadata.md
  - docs/models/components/trip.md
  - docs/models/components/booking.md
  - docs/models/components/linksself.md
  - docs/models/components/bookinginput.md
  - docs/models/components/linksbooking.md
  - docs/models/components/currency.md
  - docs/models/components/accounttype.md
  - docs/models/components/bankaccount.md
  - docs/models/components/card.md
  - docs/models/components/source.md
  - docs/models/components/bookingpayment.md
  - docs/models/components/security.md
  - docs/models/webhooks/newbookingresponse.md
  - docs/models/webhooks/links.md
  - docs/models/webhooks/newbookingrequestbody.md
  - docs/sdks/traintravel/README.md
  - docs/sdks/stations/README.md
  - docs/sdks/trips/README.md
  - docs/sdks/bookings/README.md
  - docs/sdks/payments/README.md
  - USAGE.md
  - .gitattributes
  - src/traintravel/_hooks/sdkhooks.py
  - src/traintravel/_hooks/types.py
  - src/traintravel/_hooks/__init__.py
